
Microsoft Visual Studio Solution File, Format Version 12.00
# Visual Studio 14
VisualStudioVersion = 14.0.25420.1
MinimumVisualStudioVersion = 10.0.40219.1
Project("{FAE04EC0-301F-11D3-BF4B-00C04F79EFBC}") = "AppWPF", "AppWPF\AppWPF.csproj", "{1B82C843-54E0-4E4B-A407-181C48103134}"
EndProject
Project("{FAE04EC0-301F-11D3-BF4B-00C04F79EFBC}") = "ForTest", "ForTest\ForTest.csproj", "{07EF20B1-6D66-4630-9ACC-535E0F53F417}"
EndProject
Global
	GlobalSection(SolutionConfigurationPlatforms) = preSolution
		Debug|Any CPU = Debug|Any CPU
		Release|Any CPU = Release|Any CPU
	EndGlobalSection
	GlobalSection(ProjectConfigurationPlatforms) = postSolution
		{1B82C843-54E0-4E4B-A407-181C48103134}.Debug|Any CPU.ActiveCfg = Debug|Any CPU
		{1B82C843-54E0-4E4B-A407-181C48103134}.Debug|Any CPU.Build.0 = Debug|Any CPU
		{1B82C843-54E0-4E4B-A407-181C48103134}.Release|Any CPU.ActiveCfg = Release|Any CPU
		{1B82C843-54E0-4E4B-A407-181C48103134}.Release|Any CPU.Build.0 = Release|Any CPU
		{07EF20B1-6D66-4630-9ACC-535E0F53F417}.Debug|Any CPU.ActiveCfg = Debug|Any CPU
		{07EF20B1-6D66-4630-9ACC-535E0F53F417}.Debug|Any CPU.Build.0 = Debug|Any CPU
		{07EF20B1-6D66-4630-9ACC-535E0F53F417}.Release|Any CPU.ActiveCfg = Release|Any CPU
		{07EF20B1-6D66-4630-9ACC-535E0F53F417}.Release|Any CPU.Build.0 = Release|Any CPU
	EndGlobalSection
	GlobalSection(SolutionProperties) = preSolution
		HideSolutionNode = FALSE
	EndGlobalSection
EndGlobal
