
Microsoft Visual Studio Solution File, Format Version 12.00
# Visual Studio 15
VisualStudioVersion = 15.0.28307.572
MinimumVisualStudioVersion = 10.0.40219.1
Project("{FAE04EC0-301F-11D3-BF4B-00C04F79EFBC}") = "AppWPF", "AppWPF\AppWPF.csproj", "{1B82C843-54E0-4E4B-A407-181C48103134}"
EndProject
Project("{FAE04EC0-301F-11D3-BF4B-00C04F79EFBC}") = "ForTest", "ForTest\ForTest.csproj", "{07EF20B1-6D66-4630-9ACC-535E0F53F417}"
EndProject
Project("{FAE04EC0-301F-11D3-BF4B-00C04F79EFBC}") = "AppWpfWithMdi", "AppWpfWithMdi\AppWpfWithMdi.csproj", "{8EF509C5-8785-4617-8CE6-2C5CE7E4BAA9}"
EndProject
Project("{FAE04EC0-301F-11D3-BF4B-00C04F79EFBC}") = "ConvertBmpToPng", "ConvertBmpToPng\ConvertBmpToPng.csproj", "{DEDF46C8-C098-43DC-9AAD-C22242103932}"
EndProject
Project("{FAE04EC0-301F-11D3-BF4B-00C04F79EFBC}") = "AppForDependencyProperty", "AppForDependencyProperty\AppForDependencyProperty.csproj", "{8690E389-9D2B-42CF-BC1C-185B535B985F}"
EndProject
Project("{FAE04EC0-301F-11D3-BF4B-00C04F79EFBC}") = "CheckForSepik", "CheckForSepik\CheckForSepik.csproj", "{F418672B-3C1C-4E40-A6AC-45692F305326}"
EndProject
Project("{FAE04EC0-301F-11D3-BF4B-00C04F79EFBC}") = "AppForEventHandler", "AppForEventHandler\AppForEventHandler.csproj", "{4ACA710C-9F72-41B7-9177-D8302B385E32}"
EndProject
Project("{FAE04EC0-301F-11D3-BF4B-00C04F79EFBC}") = "ConsoleForTest", "ConsoleForTest\ConsoleForTest.csproj", "{048CC06B-1C8B-4F4E-93E8-B40A2FA2B5E2}"
EndProject
Project("{FAE04EC0-301F-11D3-BF4B-00C04F79EFBC}") = "AppForDesignPatterns", "AppForDesignPatterns\AppForDesignPatterns.csproj", "{26D40F41-CBE1-461B-9D5E-158A49914D20}"
EndProject
Project("{FAE04EC0-301F-11D3-BF4B-00C04F79EFBC}") = "AppForStreams", "AppForStreams\AppForStreams.csproj", "{96BED27E-50D3-4578-BF3D-51EF7B9D15B1}"
EndProject
Global
	GlobalSection(SolutionConfigurationPlatforms) = preSolution
		Debug|Any CPU = Debug|Any CPU
		Release|Any CPU = Release|Any CPU
	EndGlobalSection
	GlobalSection(ProjectConfigurationPlatforms) = postSolution
		{1B82C843-54E0-4E4B-A407-181C48103134}.Debug|Any CPU.ActiveCfg = Debug|Any CPU
		{1B82C843-54E0-4E4B-A407-181C48103134}.Debug|Any CPU.Build.0 = Debug|Any CPU
		{1B82C843-54E0-4E4B-A407-181C48103134}.Release|Any CPU.ActiveCfg = Release|Any CPU
		{1B82C843-54E0-4E4B-A407-181C48103134}.Release|Any CPU.Build.0 = Release|Any CPU
		{07EF20B1-6D66-4630-9ACC-535E0F53F417}.Debug|Any CPU.ActiveCfg = Debug|Any CPU
		{07EF20B1-6D66-4630-9ACC-535E0F53F417}.Debug|Any CPU.Build.0 = Debug|Any CPU
		{07EF20B1-6D66-4630-9ACC-535E0F53F417}.Release|Any CPU.ActiveCfg = Release|Any CPU
		{07EF20B1-6D66-4630-9ACC-535E0F53F417}.Release|Any CPU.Build.0 = Release|Any CPU
		{8EF509C5-8785-4617-8CE6-2C5CE7E4BAA9}.Debug|Any CPU.ActiveCfg = Debug|Any CPU
		{8EF509C5-8785-4617-8CE6-2C5CE7E4BAA9}.Debug|Any CPU.Build.0 = Debug|Any CPU
		{8EF509C5-8785-4617-8CE6-2C5CE7E4BAA9}.Release|Any CPU.ActiveCfg = Release|Any CPU
		{8EF509C5-8785-4617-8CE6-2C5CE7E4BAA9}.Release|Any CPU.Build.0 = Release|Any CPU
		{DEDF46C8-C098-43DC-9AAD-C22242103932}.Debug|Any CPU.ActiveCfg = Debug|Any CPU
		{DEDF46C8-C098-43DC-9AAD-C22242103932}.Debug|Any CPU.Build.0 = Debug|Any CPU
		{DEDF46C8-C098-43DC-9AAD-C22242103932}.Release|Any CPU.ActiveCfg = Release|Any CPU
		{DEDF46C8-C098-43DC-9AAD-C22242103932}.Release|Any CPU.Build.0 = Release|Any CPU
		{8690E389-9D2B-42CF-BC1C-185B535B985F}.Debug|Any CPU.ActiveCfg = Debug|Any CPU
		{8690E389-9D2B-42CF-BC1C-185B535B985F}.Debug|Any CPU.Build.0 = Debug|Any CPU
		{8690E389-9D2B-42CF-BC1C-185B535B985F}.Release|Any CPU.ActiveCfg = Release|Any CPU
		{8690E389-9D2B-42CF-BC1C-185B535B985F}.Release|Any CPU.Build.0 = Release|Any CPU
		{F418672B-3C1C-4E40-A6AC-45692F305326}.Debug|Any CPU.ActiveCfg = Debug|Any CPU
		{F418672B-3C1C-4E40-A6AC-45692F305326}.Debug|Any CPU.Build.0 = Debug|Any CPU
		{F418672B-3C1C-4E40-A6AC-45692F305326}.Release|Any CPU.ActiveCfg = Release|Any CPU
		{F418672B-3C1C-4E40-A6AC-45692F305326}.Release|Any CPU.Build.0 = Release|Any CPU
		{4ACA710C-9F72-41B7-9177-D8302B385E32}.Debug|Any CPU.ActiveCfg = Debug|Any CPU
		{4ACA710C-9F72-41B7-9177-D8302B385E32}.Debug|Any CPU.Build.0 = Debug|Any CPU
		{4ACA710C-9F72-41B7-9177-D8302B385E32}.Release|Any CPU.ActiveCfg = Release|Any CPU
		{4ACA710C-9F72-41B7-9177-D8302B385E32}.Release|Any CPU.Build.0 = Release|Any CPU
		{048CC06B-1C8B-4F4E-93E8-B40A2FA2B5E2}.Debug|Any CPU.ActiveCfg = Debug|Any CPU
		{048CC06B-1C8B-4F4E-93E8-B40A2FA2B5E2}.Debug|Any CPU.Build.0 = Debug|Any CPU
		{048CC06B-1C8B-4F4E-93E8-B40A2FA2B5E2}.Release|Any CPU.ActiveCfg = Release|Any CPU
		{048CC06B-1C8B-4F4E-93E8-B40A2FA2B5E2}.Release|Any CPU.Build.0 = Release|Any CPU
		{26D40F41-CBE1-461B-9D5E-158A49914D20}.Debug|Any CPU.ActiveCfg = Debug|Any CPU
		{26D40F41-CBE1-461B-9D5E-158A49914D20}.Debug|Any CPU.Build.0 = Debug|Any CPU
		{26D40F41-CBE1-461B-9D5E-158A49914D20}.Release|Any CPU.ActiveCfg = Release|Any CPU
		{26D40F41-CBE1-461B-9D5E-158A49914D20}.Release|Any CPU.Build.0 = Release|Any CPU
		{96BED27E-50D3-4578-BF3D-51EF7B9D15B1}.Debug|Any CPU.ActiveCfg = Debug|Any CPU
		{96BED27E-50D3-4578-BF3D-51EF7B9D15B1}.Debug|Any CPU.Build.0 = Debug|Any CPU
		{96BED27E-50D3-4578-BF3D-51EF7B9D15B1}.Release|Any CPU.ActiveCfg = Release|Any CPU
		{96BED27E-50D3-4578-BF3D-51EF7B9D15B1}.Release|Any CPU.Build.0 = Release|Any CPU
	EndGlobalSection
	GlobalSection(SolutionProperties) = preSolution
		HideSolutionNode = FALSE
	EndGlobalSection
	GlobalSection(ExtensibilityGlobals) = postSolution
		SolutionGuid = {E496EA99-173E-454A-AF1D-ED3D43770CF6}
	EndGlobalSection
EndGlobal
